
Microsoft Visual Studio Solution File, Format Version 12.00
# Visual Studio Version 16
VisualStudioVersion = 16.0.809.7
MinimumVisualStudioVersion = 10.0.40219.1
Project("{FAE04EC0-301F-11D3-BF4B-00C04F79EFBC}") = "SampleApp.iOS", "SampleApp.iOS\SampleApp.iOS.csproj", "{6321CCEC-3AA4-47D8-AEAC-D460D2C1380C}"
EndProject
Project("{FAE04EC0-301F-11D3-BF4B-00C04F79EFBC}") = "SampleApp", "SampleApp\SampleApp.csproj", "{6C7629D7-686D-404F-BF45-69FFE6022B94}"
EndProject
Global
	GlobalSection(SolutionConfigurationPlatforms) = preSolution
		Debug|iPhoneSimulator = Debug|iPhoneSimulator
		Release|iPhoneSimulator = Release|iPhoneSimulator
		Debug|iPhone = Debug|iPhone
		Release|iPhone = Release|iPhone
		Debug|Any CPU = Debug|Any CPU
		Release|Any CPU = Release|Any CPU
	EndGlobalSection
	GlobalSection(ProjectConfigurationPlatforms) = postSolution
		{6321CCEC-3AA4-47D8-AEAC-D460D2C1380C}.Debug|iPhoneSimulator.ActiveCfg = Debug|iPhoneSimulator
		{6321CCEC-3AA4-47D8-AEAC-D460D2C1380C}.Debug|iPhoneSimulator.Build.0 = Debug|iPhoneSimulator
		{6321CCEC-3AA4-47D8-AEAC-D460D2C1380C}.Release|iPhoneSimulator.ActiveCfg = Release|iPhoneSimulator
		{6321CCEC-3AA4-47D8-AEAC-D460D2C1380C}.Release|iPhoneSimulator.Build.0 = Release|iPhoneSimulator
		{6321CCEC-3AA4-47D8-AEAC-D460D2C1380C}.Debug|iPhone.ActiveCfg = Debug|iPhone
		{6321CCEC-3AA4-47D8-AEAC-D460D2C1380C}.Debug|iPhone.Build.0 = Debug|iPhone
		{6321CCEC-3AA4-47D8-AEAC-D460D2C1380C}.Release|iPhone.ActiveCfg = Release|iPhone
		{6321CCEC-3AA4-47D8-AEAC-D460D2C1380C}.Release|iPhone.Build.0 = Release|iPhone
		{6321CCEC-3AA4-47D8-AEAC-D460D2C1380C}.Debug|Any CPU.ActiveCfg = Debug|iPhoneSimulator
		{6321CCEC-3AA4-47D8-AEAC-D460D2C1380C}.Debug|Any CPU.Build.0 = Debug|iPhoneSimulator
		{6321CCEC-3AA4-47D8-AEAC-D460D2C1380C}.Release|Any CPU.ActiveCfg = Release|iPhoneSimulator
		{6321CCEC-3AA4-47D8-AEAC-D460D2C1380C}.Release|Any CPU.Build.0 = Release|iPhoneSimulator
		{6C7629D7-686D-404F-BF45-69FFE6022B94}.Debug|iPhoneSimulator.ActiveCfg = Debug|Any CPU
		{6C7629D7-686D-404F-BF45-69FFE6022B94}.Debug|iPhoneSimulator.Build.0 = Debug|Any CPU
		{6C7629D7-686D-404F-BF45-69FFE6022B94}.Release|iPhoneSimulator.ActiveCfg = Release|Any CPU
		{6C7629D7-686D-404F-BF45-69FFE6022B94}.Release|iPhoneSimulator.Build.0 = Release|Any CPU
		{6C7629D7-686D-404F-BF45-69FFE6022B94}.Debug|iPhone.ActiveCfg = Debug|Any CPU
		{6C7629D7-686D-404F-BF45-69FFE6022B94}.Debug|iPhone.Build.0 = Debug|Any CPU
		{6C7629D7-686D-404F-BF45-69FFE6022B94}.Release|iPhone.ActiveCfg = Release|Any CPU
		{6C7629D7-686D-404F-BF45-69FFE6022B94}.Release|iPhone.Build.0 = Release|Any CPU
		{6C7629D7-686D-404F-BF45-69FFE6022B94}.Debug|Any CPU.ActiveCfg = Debug|Any CPU
		{6C7629D7-686D-404F-BF45-69FFE6022B94}.Debug|Any CPU.Build.0 = Debug|Any CPU
		{6C7629D7-686D-404F-BF45-69FFE6022B94}.Release|Any CPU.ActiveCfg = Release|Any CPU
		{6C7629D7-686D-404F-BF45-69FFE6022B94}.Release|Any CPU.Build.0 = Release|Any CPU
	EndGlobalSection
	GlobalSection(SolutionProperties) = preSolution
		HideSolutionNode = FALSE
	EndGlobalSection
	GlobalSection(ExtensibilityGlobals) = postSolution
		SolutionGuid = {70201F3E-EE01-4639-83E1-F7CB7EB23FDF}
	EndGlobalSection
EndGlobal
